
Microsoft Visual Studio Solution File, Format Version 12.00
Project("{FAE04EC0-301F-11D3-BF4B-00C04F79EFBC}") = "LockIn", "LockIn\LockIn.csproj", "{1EBBA323-BEB1-4765-8F15-5E451BB0BC8B}"
EndProject
Global
	GlobalSection(SolutionConfigurationPlatforms) = preSolution
		Debug|Any CPU = Debug|Any CPU
		Release|Any CPU = Release|Any CPU
	EndGlobalSection
	GlobalSection(ProjectConfigurationPlatforms) = postSolution
		{1EBBA323-BEB1-4765-8F15-5E451BB0BC8B}.Debug|Any CPU.ActiveCfg = Debug|Any CPU
		{1EBBA323-BEB1-4765-8F15-5E451BB0BC8B}.Debug|Any CPU.Build.0 = Debug|Any CPU
		{1EBBA323-BEB1-4765-8F15-5E451BB0BC8B}.Release|Any CPU.ActiveCfg = Release|Any CPU
		{1EBBA323-BEB1-4765-8F15-5E451BB0BC8B}.Release|Any CPU.Build.0 = Release|Any CPU
	EndGlobalSection
EndGlobal
